
Microsoft Visual Studio Solution File, Format Version 12.00
# Visual Studio Version 17
VisualStudioVersion = 17.5.33414.496
MinimumVisualStudioVersion = 10.0.40219.1
Project("{FAE04EC0-301F-11D3-BF4B-00C04F79EFBC}") = "EWMApi", "EWMApi.csproj", "{B12292B8-B3FC-43D5-92F9-70AF01537491}"
EndProject
Global
	GlobalSection(SolutionConfigurationPlatforms) = preSolution
		Debug|Any CPU = Debug|Any CPU
		Release|Any CPU = Release|Any CPU
	EndGlobalSection
	GlobalSection(ProjectConfigurationPlatforms) = postSolution
		{B12292B8-B3FC-43D5-92F9-70AF01537491}.Debug|Any CPU.ActiveCfg = Debug|Any CPU
		{B12292B8-B3FC-43D5-92F9-70AF01537491}.Debug|Any CPU.Build.0 = Debug|Any CPU
		{B12292B8-B3FC-43D5-92F9-70AF01537491}.Release|Any CPU.ActiveCfg = Release|Any CPU
		{B12292B8-B3FC-43D5-92F9-70AF01537491}.Release|Any CPU.Build.0 = Release|Any CPU
	EndGlobalSection
	GlobalSection(SolutionProperties) = preSolution
		HideSolutionNode = FALSE
	EndGlobalSection
	GlobalSection(ExtensibilityGlobals) = postSolution
		SolutionGuid = {DE5B4679-7B58-4943-8758-8F3C7A542053}
	EndGlobalSection
EndGlobal
